
Microsoft Visual Studio Solution File, Format Version 12.00
# Visual Studio Version 17
VisualStudioVersion = 17.12.35707.178
MinimumVisualStudioVersion = 10.0.40219.1
Project("{FAE04EC0-301F-11D3-BF4B-00C04F79EFBC}") = "TAILorMadeLib", "..\TAILorMadeLib\TAILorMadeLib.csproj", "{1EF1E486-0814-401D-9777-413DF094544C}"
EndProject
Project("{FAE04EC0-301F-11D3-BF4B-00C04F79EFBC}") = "TAIlorMadeApi", "..\TAIlorMadeApi\TAIlorMadeApi.csproj", "{7BF56094-6B2B-4940-BDD8-884C42C59AFA}"
EndProject
Project("{FAE04EC0-301F-11D3-BF4B-00C04F79EFBC}") = "TAIlorMadeLibTests", "..\TAIlorMadeLibTests\TAIlorMadeLibTests.csproj", "{C19B5902-83BE-4A52-87EA-6F6CD34AB347}"
EndProject
Global
	GlobalSection(SolutionConfigurationPlatforms) = preSolution
		Debug|Any CPU = Debug|Any CPU
		Release|Any CPU = Release|Any CPU
	EndGlobalSection
	GlobalSection(ProjectConfigurationPlatforms) = postSolution
		{1EF1E486-0814-401D-9777-413DF094544C}.Debug|Any CPU.ActiveCfg = Debug|Any CPU
		{1EF1E486-0814-401D-9777-413DF094544C}.Debug|Any CPU.Build.0 = Debug|Any CPU
		{1EF1E486-0814-401D-9777-413DF094544C}.Release|Any CPU.ActiveCfg = Release|Any CPU
		{1EF1E486-0814-401D-9777-413DF094544C}.Release|Any CPU.Build.0 = Release|Any CPU
		{7BF56094-6B2B-4940-BDD8-884C42C59AFA}.Debug|Any CPU.ActiveCfg = Debug|Any CPU
		{7BF56094-6B2B-4940-BDD8-884C42C59AFA}.Debug|Any CPU.Build.0 = Debug|Any CPU
		{7BF56094-6B2B-4940-BDD8-884C42C59AFA}.Release|Any CPU.ActiveCfg = Release|Any CPU
		{7BF56094-6B2B-4940-BDD8-884C42C59AFA}.Release|Any CPU.Build.0 = Release|Any CPU
		{C19B5902-83BE-4A52-87EA-6F6CD34AB347}.Debug|Any CPU.ActiveCfg = Debug|Any CPU
		{C19B5902-83BE-4A52-87EA-6F6CD34AB347}.Debug|Any CPU.Build.0 = Debug|Any CPU
		{C19B5902-83BE-4A52-87EA-6F6CD34AB347}.Release|Any CPU.ActiveCfg = Release|Any CPU
		{C19B5902-83BE-4A52-87EA-6F6CD34AB347}.Release|Any CPU.Build.0 = Release|Any CPU
	EndGlobalSection
	GlobalSection(SolutionProperties) = preSolution
		HideSolutionNode = FALSE
	EndGlobalSection
EndGlobal
